{
  "name": "logging",
  "version": "1.0.0",
  "lockfileVersion": 1,
  "requires": true,
  "dependencies": {
    "concolor": {
      "version": "1.0.0",
      "resolved": "https://registry.npmjs.org/concolor/-/concolor-1.0.0.tgz",
      "integrity": "sha512-1DfwNXz1173Zalo//LtZoAX/JnVBl/Z4fS3T4sx8qYO1bhPVlaQgFs63xK5DV58n3lFVHzGNT76VqsJ/IYhEAg=="
    },
    "metalog": {
      "version": "3.1.0",
      "resolved": "https://registry.npmjs.org/metalog/-/metalog-3.1.0.tgz",
      "integrity": "sha512-8NXG2oKkWEEmMdF5uUSX8o0P+l7VSon1sA0QHDVO2y7yUe6FWpj3ay61NLkJofDGHhKiBEvIfDMXuPxhbYnVaA==",
      "requires": {
        "concolor": "^1.0.0",
        "metautil": "^3.0.0"
      }
    },
    "metautil": {
      "version": "3.0.0",
      "resolved": "https://registry.npmjs.org/metautil/-/metautil-3.0.0.tgz",
      "integrity": "sha512-MWZCkpbNDy5MNP+xVyn7AJVb+GreGL4c/KDtwXqK1AeX9L/Dyq58EKRElBpD7bih9/6xv5qNqccd53HACGkm6Q=="
    }
  }
}
